# THIS IS AN AUTOGENERATED FILE. DO NOT EDIT THIS FILE DIRECTLY.
# yarn lockfile v1


"@types/cross-spawn@^6.0.1":
  version "6.0.1"
  resolved "https://registry.npm.taobao.org/@types/cross-spawn/download/@types/cross-spawn-6.0.1.tgz#60fa0c87046347c17d9735e5289e72b804ca9b63"
  integrity sha1-YPoMhwRjR8F9lzXlKJ5yuATKm2M=
  dependencies:
    "@types/node" "*"

"@types/node@*":
  version "12.12.8"
  resolved "https://registry.npm.taobao.org/@types/node/download/@types/node-12.12.8.tgz?cache=0&sync_timestamp=1573848533419&other_urls=https%3A%2F%2Fregistry.npm.taobao.org%2F%40types%2Fnode%2Fdownload%2F%40types%2Fnode-12.12.8.tgz#dab418655af39ce2fa99286a0bed21ef8072ac9d"
  integrity sha1-2rQYZVrznOL6mShqC+0h74ByrJ0=
